// !$*UTF8*$!
{
	archiveVersion = 1;
	classes = {
	};
	objectVersion = 55;
	objects = {

/* Begin PBXBuildFile section */
		6B74759928E6D0770055C3CE /* KeyChain.swift in Sources */ = {isa = PBXBuildFile; fileRef = 6B74759828E6D0770055C3CE /* KeyChain.swift */; };
		6B74759B28E6D09E0055C3CE /* KeyChainManager.swift in Sources */ = {isa = PBXBuildFile; fileRef = 6B74759A28E6D09E0055C3CE /* KeyChainManager.swift */; };
		6B908D9728EEBC8C007327B1 /* KeyService.swift in Sources */ = {isa = PBXBuildFile; fileRef = 6B908D9628EEBC8C007327B1 /* KeyService.swift */; };
		6BD2B53E28E5A62B00E71FE4 /* AppDelegate.swift in Sources */ = {isa = PBXBuildFile; fileRef = 6BD2B53D28E5A62B00E71FE4 /* AppDelegate.swift */; };
		6BD2B54028E5A62B00E71FE4 /* SceneDelegate.swift in Sources */ = {isa = PBXBuildFile; fileRef = 6BD2B53F28E5A62B00E71FE4 /* SceneDelegate.swift */; };
		6BD2B54228E5A62B00E71FE4 /* ViewController.swift in Sources */ = {isa = PBXBuildFile; fileRef = 6BD2B54128E5A62B00E71FE4 /* ViewController.swift */; };
		6BD2B54528E5A62B00E71FE4 /* Main.storyboard in Resources */ = {isa = PBXBuildFile; fileRef = 6BD2B54328E5A62B00E71FE4 /* Main.storyboard */; };
		6BD2B54728E5A62C00E71FE4 /* Assets.xcassets in Resources */ = {isa = PBXBuildFile; fileRef = 6BD2B54628E5A62C00E71FE4 /* Assets.xcassets */; };
		6BD2B54A28E5A62C00E71FE4 /* LaunchScreen.storyboard in Resources */ = {isa = PBXBuildFile; fileRef = 6BD2B54828E5A62C00E71FE4 /* LaunchScreen.storyboard */; };
/* End PBXBuildFile section */

/* Begin PBXFileReference section */
		6B74759828E6D0770055C3CE /* KeyChain.swift */ = {isa = PBXFileReference; lastKnownFileType = sourcecode.swift; path = KeyChain.swift; sourceTree = "<group>"; };
		6B74759A28E6D09E0055C3CE /* KeyChainManager.swift */ = {isa = PBXFileReference; lastKnownFileType = sourcecode.swift; path = KeyChainManager.swift; sourceTree = "<group>"; };
		6B908D9628EEBC8C007327B1 /* KeyService.swift */ = {isa = PBXFileReference; lastKnownFileType = sourcecode.swift; path = KeyService.swift; sourceTree = "<group>"; };
		6BD2B53A28E5A62B00E71FE4 /* BiometricEncryption.app */ = {isa = PBXFileReference; explicitFileType = wrapper.application; includeInIndex = 0; path = BiometricEncryption.app; sourceTree = BUILT_PRODUCTS_DIR; };
		6BD2B53D28E5A62B00E71FE4 /* AppDelegate.swift */ = {isa = PBXFileReference; lastKnownFileType = sourcecode.swift; path = AppDelegate.swift; sourceTree = "<group>"; };
		6BD2B53F28E5A62B00E71FE4 /* SceneDelegate.swift */ = {isa = PBXFileReference; lastKnownFileType = sourcecode.swift; path = SceneDelegate.swift; sourceTree = "<group>"; };
		6BD2B54128E5A62B00E71FE4 /* ViewController.swift */ = {isa = PBXFileReference; lastKnownFileType = sourcecode.swift; path = ViewController.swift; sourceTree = "<group>"; };
		6BD2B54428E5A62B00E71FE4 /* Base */ = {isa = PBXFileReference; lastKnownFileType = file.storyboard; name = Base; path = Base.lproj/Main.storyboard; sourceTree = "<group>"; };
		6BD2B54628E5A62C00E71FE4 /* Assets.xcassets */ = {isa = PBXFileReference; lastKnownFileType = folder.assetcatalog; path = Assets.xcassets; sourceTree = "<group>"; };
		6BD2B54928E5A62C00E71FE4 /* Base */ = {isa = PBXFileReference; lastKnownFileType = file.storyboard; name = Base; path = Base.lproj/LaunchScreen.storyboard; sourceTree = "<group>"; };
		6BD2B54B28E5A62C00E71FE4 /* Info.plist */ = {isa = PBXFileReference; lastKnownFileType = text.plist.xml; path = Info.plist; sourceTree = "<group>"; };
/* End PBXFileReference section */

/* Begin PBXFrameworksBuildPhase section */
		6BD2B53728E5A62B00E71FE4 /* Frameworks */ = {
			isa = PBXFrameworksBuildPhase;
			buildActionMask = 2147483647;
			files = (
			);
			runOnlyForDeploymentPostprocessing = 0;
		};
/* End PBXFrameworksBuildPhase section */

/* Begin PBXGroup section */
		6B74759728E6D0640055C3CE /* KeyChain */ = {
			isa = PBXGroup;
			children = (
				6B74759828E6D0770055C3CE /* KeyChain.swift */,
				6B74759A28E6D09E0055C3CE /* KeyChainManager.swift */,
				6B908D9628EEBC8C007327B1 /* KeyService.swift */,
			);
			path = KeyChain;
			sourceTree = "<group>";
		};
		6BD2B53128E5A62A00E71FE4 = {
			isa = PBXGroup;
			children = (
				6BD2B53C28E5A62B00E71FE4 /* BiometricEncryption */,
				6BD2B53B28E5A62B00E71FE4 /* Products */,
			);
			sourceTree = "<group>";
		};
		6BD2B53B28E5A62B00E71FE4 /* Products */ = {
			isa = PBXGroup;
			children = (
				6BD2B53A28E5A62B00E71FE4 /* BiometricEncryption.app */,
			);
			name = Products;
			sourceTree = "<group>";
		};
		6BD2B53C28E5A62B00E71FE4 /* BiometricEncryption */ = {
			isa = PBXGroup;
			children = (
				6B74759728E6D0640055C3CE /* KeyChain */,
				6BD2B53D28E5A62B00E71FE4 /* AppDelegate.swift */,
				6BD2B53F28E5A62B00E71FE4 /* SceneDelegate.swift */,
				6BD2B54128E5A62B00E71FE4 /* ViewController.swift */,
				6BD2B54328E5A62B00E71FE4 /* Main.storyboard */,
				6BD2B54628E5A62C00E71FE4 /* Assets.xcassets */,
				6BD2B54828E5A62C00E71FE4 /* LaunchScreen.storyboard */,
				6BD2B54B28E5A62C00E71FE4 /* Info.plist */,
			);
			path = BiometricEncryption;
			sourceTree = "<group>";
		};
/* End PBXGroup section */

/* Begin PBXNativeTarget section */
		6BD2B53928E5A62B00E71FE4 /* BiometricEncryption */ = {
			isa = PBXNativeTarget;
			buildConfigurationList = 6BD2B54E28E5A62C00E71FE4 /* Build configuration list for PBXNativeTarget "BiometricEncryption" */;
			buildPhases = (
				6BD2B53628E5A62B00E71FE4 /* Sources */,
				6BD2B53728E5A62B00E71FE4 /* Frameworks */,
				6BD2B53828E5A62B00E71FE4 /* Resources */,
			);
			buildRules = (
			);
			dependencies = (
			);
			name = BiometricEncryption;
			productName = BiometricEncryption;
			productReference = 6BD2B53A28E5A62B00E71FE4 /* BiometricEncryption.app */;
			productType = "com.apple.product-type.application";
		};
/* End PBXNativeTarget section */

/* Begin PBXProject section */
		6BD2B53228E5A62A00E71FE4 /* Project object */ = {
			isa = PBXProject;
			attributes = {
				BuildIndependentTargetsInParallel = 1;
				LastSwiftUpdateCheck = 1320;
				LastUpgradeCheck = 1320;
				TargetAttributes = {
					6BD2B53928E5A62B00E71FE4 = {
						CreatedOnToolsVersion = 13.2.1;
					};
				};
			};
			buildConfigurationList = 6BD2B53528E5A62A00E71FE4 /* Build configuration list for PBXProject "BiometricEncryption" */;
			compatibilityVersion = "Xcode 13.0";
			developmentRegion = en;
			hasScannedForEncodings = 0;
			knownRegions = (
				en,
				Base,
			);
			mainGroup = 6BD2B53128E5A62A00E71FE4;
			productRefGroup = 6BD2B53B28E5A62B00E71FE4 /* Products */;
			projectDirPath = "";
			projectRoot = "";
			targets = (
				6BD2B53928E5A62B00E71FE4 /* BiometricEncryption */,
			);
		};
/* End PBXProject section */

/* Begin PBXResourcesBuildPhase section */
		6BD2B53828E5A62B00E71FE4 /* Resources */ = {
			isa = PBXResourcesBuildPhase;
			buildActionMask = 2147483647;
			files = (
				6BD2B54A28E5A62C00E71FE4 /* LaunchScreen.storyboard in Resources */,
				6BD2B54728E5A62C00E71FE4 /* Assets.xcassets in Resources */,
				6BD2B54528E5A62B00E71FE4 /* Main.storyboard in Resources */,
			);
			runOnlyForDeploymentPostprocessing = 0;
		};
/* End PBXResourcesBuildPhase section */

/* Begin PBXSourcesBuildPhase section */
		6BD2B53628E5A62B00E71FE4 /* Sources */ = {
			isa = PBXSourcesBuildPhase;
			buildActionMask = 2147483647;
			files = (
				6BD2B54228E5A62B00E71FE4 /* ViewController.swift in Sources */,
				6B908D9728EEBC8C007327B1 /* KeyService.swift in Sources */,
				6B74759928E6D0770055C3CE /* KeyChain.swift in Sources */,
				6B74759B28E6D09E0055C3CE /* KeyChainManager.swift in Sources */,
				6BD2B53E28E5A62B00E71FE4 /* AppDelegate.swift in Sources */,
				6BD2B54028E5A62B00E71FE4 /* SceneDelegate.swift in Sources */,
			);
			runOnlyForDeploymentPostprocessing = 0;
		};
/* End PBXSourcesBuildPhase section */

/* Begin PBXVariantGroup section */
		6BD2B54328E5A62B00E71FE4 /* Main.storyboard */ = {
			isa = PBXVariantGroup;
			children = (
				6BD2B54428E5A62B00E71FE4 /* Base */,
			);
			name = Main.storyboard;
			sourceTree = "<group>";
		};
		6BD2B54828E5A62C00E71FE4 /* LaunchScreen.storyboard */ = {
			isa = PBXVariantGroup;
			children = (
				6BD2B54928E5A62C00E71FE4 /* Base */,
			);
			name = LaunchScreen.storyboard;
			sourceTree = "<group>";
		};
/* End PBXVariantGroup section */

/* Begin XCBuildConfiguration section */
		6BD2B54C28E5A62C00E71FE4 /* Debug */ = {
			isa = XCBuildConfiguration;
			buildSettings = {
				ALWAYS_SEARCH_USER_PATHS = NO;
				CLANG_ANALYZER_NONNULL = YES;
				CLANG_ANALYZER_NUMBER_OBJECT_CONVERSION = YES_AGGRESSIVE;
				CLANG_CXX_LANGUAGE_STANDARD = "gnu++17";
				CLANG_CXX_LIBRARY = "libc++";
				CLANG_ENABLE_MODULES = YES;
				CLANG_ENABLE_OBJC_ARC = YES;
				CLANG_ENABLE_OBJC_WEAK = YES;
				CLANG_WARN_BLOCK_CAPTURE_AUTORELEASING = YES;
				CLANG_WARN_BOOL_CONVERSION = YES;
				CLANG_WARN_COMMA = YES;
				CLANG_WARN_CONSTANT_CONVERSION = YES;
				CLANG_WARN_DEPRECATED_OBJC_IMPLEMENTATIONS = YES;
				CLANG_WARN_DIRECT_OBJC_ISA_USAGE = YES_ERROR;
				CLANG_WARN_DOCUMENTATION_COMMENTS = YES;
				CLANG_WARN_EMPTY_BODY = YES;
				CLANG_WARN_ENUM_CONVERSION = YES;
				CLANG_WARN_INFINITE_RECURSION = YES;
				CLANG_WARN_INT_CONVERSION = YES;
				CLANG_WARN_NON_LITERAL_NULL_CONVERSION = YES;
				CLANG_WARN_OBJC_IMPLICIT_RETAIN_SELF = YES;
				CLANG_WARN_OBJC_LITERAL_CONVERSION = YES;
				CLANG_WARN_OBJC_ROOT_CLASS = YES_ERROR;
				CLANG_WARN_QUOTED_INCLUDE_IN_FRAMEWORK_HEADER = YES;
				CLANG_WARN_RANGE_LOOP_ANALYSIS = YES;
				CLANG_WARN_STRICT_PROTOTYPES = YES;
				CLANG_WARN_SUSPICIOUS_MOVE = YES;
				CLANG_WARN_UNGUARDED_AVAILABILITY = YES_AGGRESSIVE;
				CLANG_WARN_UNREACHABLE_CODE = YES;
				CLANG_WARN__DUPLICATE_METHOD_MATCH = YES;
				COPY_PHASE_STRIP = NO;
				DEBUG_INFORMATION_FORMAT = dwarf;
				ENABLE_STRICT_OBJC_MSGSEND = YES;
				ENABLE_TESTABILITY = YES;
				GCC_C_LANGUAGE_STANDARD = gnu11;
				GCC_DYNAMIC_NO_PIC = NO;
				GCC_NO_COMMON_BLOCKS = YES;
				GCC_OPTIMIZATION_LEVEL = 0;
				GCC_PREPROCESSOR_DEFINITIONS = (
					"DEBUG=1",
					"$(inherited)",
				);
				GCC_WARN_64_TO_32_BIT_CONVERSION = YES;
				GCC_WARN_ABOUT_RETURN_TYPE = YES_ERROR;
				GCC_WARN_UNDECLARED_SELECTOR = YES;
				GCC_WARN_UNINITIALIZED_AUTOS = YES_AGGRESSIVE;
				GCC_WARN_UNUSED_FUNCTION = YES;
				GCC_WARN_UNUSED_VARIABLE = YES;
				IPHONEOS_DEPLOYMENT_TARGET = 15.2;
				MTL_ENABLE_DEBUG_INFO = INCLUDE_SOURCE;
				MTL_FAST_MATH = YES;
				ONLY_ACTIVE_ARCH = YES;
				SDKROOT = iphoneos;
				SWIFT_ACTIVE_COMPILATION_CONDITIONS = DEBUG;
				SWIFT_OPTIMIZATION_LEVEL = "-Onone";
			};
			name = Debug;
		};
		6BD2B54D28E5A62C00E71FE4 /* Release */ = {
			isa = XCBuildConfiguration;
			buildSettings = {
				ALWAYS_SEARCH_USER_PATHS = NO;
				CLANG_ANALYZER_NONNULL = YES;
				CLANG_ANALYZER_NUMBER_OBJECT_CONVERSION = YES_AGGRESSIVE;
				CLANG_CXX_LANGUAGE_STANDARD = "gnu++17";
				CLANG_CXX_LIBRARY = "libc++";
				CLANG_ENABLE_MODULES = YES;
				CLANG_ENABLE_OBJC_ARC = YES;
				CLANG_ENABLE_OBJC_WEAK = YES;
				CLANG_WARN_BLOCK_CAPTURE_AUTORELEASING = YES;
				CLANG_WARN_BOOL_CONVERSION = YES;
				CLANG_WARN_COMMA = YES;
				CLANG_WARN_CONSTANT_CONVERSION = YES;
				CLANG_WARN_DEPRECATED_OBJC_IMPLEMENTATIONS = YES;
				CLANG_WARN_DIRECT_OBJC_ISA_USAGE = YES_ERROR;
				CLANG_WARN_DOCUMENTATION_COMMENTS = YES;
				CLANG_WARN_EMPTY_BODY = YES;
				CLANG_WARN_ENUM_CONVERSION = YES;
				CLANG_WARN_INFINITE_RECURSION = YES;
				CLANG_WARN_INT_CONVERSION = YES;
				CLANG_WARN_NON_LITERAL_NULL_CONVERSION = YES;
				CLANG_WARN_OBJC_IMPLICIT_RETAIN_SELF = YES;
				CLANG_WARN_OBJC_LITERAL_CONVERSION = YES;
				CLANG_WARN_OBJC_ROOT_CLASS = YES_ERROR;
				CLANG_WARN_QUOTED_INCLUDE_IN_FRAMEWORK_HEADER = YES;
				CLANG_WARN_RANGE_LOOP_ANALYSIS = YES;
				CLANG_WARN_STRICT_PROTOTYPES = YES;
				CLANG_WARN_SUSPICIOUS_MOVE = YES;
				CLANG_WARN_UNGUARDED_AVAILABILITY = YES_AGGRESSIVE;
				CLANG_WARN_UNREACHABLE_CODE = YES;
				CLANG_WARN__DUPLICATE_METHOD_MATCH = YES;
				COPY_PHASE_STRIP = NO;
				DEBUG_INFORMATION_FORMAT = "dwarf-with-dsym";
				ENABLE_NS_ASSERTIONS = NO;
				ENABLE_STRICT_OBJC_MSGSEND = YES;
				GCC_C_LANGUAGE_STANDARD = gnu11;
				GCC_NO_COMMON_BLOCKS = YES;
				GCC_WARN_64_TO_32_BIT_CONVERSION = YES;
				GCC_WARN_ABOUT_RETURN_TYPE = YES_ERROR;
				GCC_WARN_UNDECLARED_SELECTOR = YES;
				GCC_WARN_UNINITIALIZED_AUTOS = YES_AGGRESSIVE;
				GCC_WARN_UNUSED_FUNCTION = YES;
				GCC_WARN_UNUSED_VARIABLE = YES;
				IPHONEOS_DEPLOYMENT_TARGET = 15.2;
				MTL_ENABLE_DEBUG_INFO = NO;
				MTL_FAST_MATH = YES;
				SDKROOT = iphoneos;
				SWIFT_COMPILATION_MODE = wholemodule;
				SWIFT_OPTIMIZATION_LEVEL = "-O";
				VALIDATE_PRODUCT = YES;
			};
			name = Release;
		};
		6BD2B54F28E5A62C00E71FE4 /* Debug */ = {
			isa = XCBuildConfiguration;
			buildSettings = {
				ASSETCATALOG_COMPILER_APPICON_NAME = AppIcon;
				ASSETCATALOG_COMPILER_GLOBAL_ACCENT_COLOR_NAME = AccentColor;
				CODE_SIGN_STYLE = Automatic;
				CURRENT_PROJECT_VERSION = 1;
				DEVELOPMENT_TEAM = 7RSQSLC3UV;
				GENERATE_INFOPLIST_FILE = YES;
				INFOPLIST_FILE = BiometricEncryption/Info.plist;
				INFOPLIST_KEY_UIApplicationSupportsIndirectInputEvents = YES;
				INFOPLIST_KEY_UILaunchStoryboardName = LaunchScreen;
				INFOPLIST_KEY_UIMainStoryboardFile = Main;
				INFOPLIST_KEY_UISupportedInterfaceOrientations_iPad = "UIInterfaceOrientationPortrait UIInterfaceOrientationPortraitUpsideDown UIInterfaceOrientationLandscapeLeft UIInterfaceOrientationLandscapeRight";
				INFOPLIST_KEY_UISupportedInterfaceOrientations_iPhone = "UIInterfaceOrientationPortrait UIInterfaceOrientationLandscapeLeft UIInterfaceOrientationLandscapeRight";
				LD_RUNPATH_SEARCH_PATHS = (
					"$(inherited)",
					"@executable_path/Frameworks",
				);
				MARKETING_VERSION = 1.0;
				PRODUCT_BUNDLE_IDENTIFIER = onemount.BiometricEncryption;
				PRODUCT_NAME = "$(TARGET_NAME)";
				SWIFT_EMIT_LOC_STRINGS = YES;
				SWIFT_VERSION = 5.0;
				TARGETED_DEVICE_FAMILY = "1,2";
			};
			name = Debug;
		};
		6BD2B55028E5A62C00E71FE4 /* Release */ = {
			isa = XCBuildConfiguration;
			buildSettings = {
				ASSETCATALOG_COMPILER_APPICON_NAME = AppIcon;
				ASSETCATALOG_COMPILER_GLOBAL_ACCENT_COLOR_NAME = AccentColor;
				CODE_SIGN_STYLE = Automatic;
				CURRENT_PROJECT_VERSION = 1;
				DEVELOPMENT_TEAM = 7RSQSLC3UV;
				GENERATE_INFOPLIST_FILE = YES;
				INFOPLIST_FILE = BiometricEncryption/Info.plist;
				INFOPLIST_KEY_UIApplicationSupportsIndirectInputEvents = YES;
				INFOPLIST_KEY_UILaunchStoryboardName = LaunchScreen;
				INFOPLIST_KEY_UIMainStoryboardFile = Main;
				INFOPLIST_KEY_UISupportedInterfaceOrientations_iPad = "UIInterfaceOrientationPortrait UIInterfaceOrientationPortraitUpsideDown UIInterfaceOrientationLandscapeLeft UIInterfaceOrientationLandscapeRight";
				INFOPLIST_KEY_UISupportedInterfaceOrientations_iPhone = "UIInterfaceOrientationPortrait UIInterfaceOrientationLandscapeLeft UIInterfaceOrientationLandscapeRight";
				LD_RUNPATH_SEARCH_PATHS = (
					"$(inherited)",
					"@executable_path/Frameworks",
				);
				MARKETING_VERSION = 1.0;
				PRODUCT_BUNDLE_IDENTIFIER = onemount.BiometricEncryption;
				PRODUCT_NAME = "$(TARGET_NAME)";
				SWIFT_EMIT_LOC_STRINGS = YES;
				SWIFT_VERSION = 5.0;
				TARGETED_DEVICE_FAMILY = "1,2";
			};
			name = Release;
		};
/* End XCBuildConfiguration section */

/* Begin XCConfigurationList section */
		6BD2B53528E5A62A00E71FE4 /* Build configuration list for PBXProject "BiometricEncryption" */ = {
			isa = XCConfigurationList;
			buildConfigurations = (
				6BD2B54C28E5A62C00E71FE4 /* Debug */,
				6BD2B54D28E5A62C00E71FE4 /* Release */,
			);
			defaultConfigurationIsVisible = 0;
			defaultConfigurationName = Release;
		};
		6BD2B54E28E5A62C00E71FE4 /* Build configuration list for PBXNativeTarget "BiometricEncryption" */ = {
			isa = XCConfigurationList;
			buildConfigurations = (
				6BD2B54F28E5A62C00E71FE4 /* Debug */,
				6BD2B55028E5A62C00E71FE4 /* Release */,
			);
			defaultConfigurationIsVisible = 0;
			defaultConfigurationName = Release;
		};
/* End XCConfigurationList section */
	};
	rootObject = 6BD2B53228E5A62A00E71FE4 /* Project object */;
}
